
Microsoft Visual Studio Solution File, Format Version 12.00
# Visual Studio Version 16
VisualStudioVersion = 16.0.31402.337
MinimumVisualStudioVersion = 10.0.40219.1
Project("{FAE04EC0-301F-11D3-BF4B-00C04F79EFBC}") = "ShapeAreaCalculator", "ShapeAreaCalculator\ShapeAreaCalculator.csproj", "{6F58C79F-E36D-49D2-97DB-B9B134618B63}"
EndProject
Project("{FAE04EC0-301F-11D3-BF4B-00C04F79EFBC}") = "AnimalsFeeding", "..\AnimalsFeeding\AnimalsFeeding.csproj", "{2628AED6-85BF-44AC-9867-D031506E8CD9}"
EndProject
Project("{FAE04EC0-301F-11D3-BF4B-00C04F79EFBC}") = "Sorting", "..\Sorting\Sorting.csproj", "{62CF6187-B803-42D0-8CF1-9A802591CE23}"
EndProject
Global
	GlobalSection(SolutionConfigurationPlatforms) = preSolution
		Debug|Any CPU = Debug|Any CPU
		Release|Any CPU = Release|Any CPU
	EndGlobalSection
	GlobalSection(ProjectConfigurationPlatforms) = postSolution
		{6F58C79F-E36D-49D2-97DB-B9B134618B63}.Debug|Any CPU.ActiveCfg = Debug|Any CPU
		{6F58C79F-E36D-49D2-97DB-B9B134618B63}.Debug|Any CPU.Build.0 = Debug|Any CPU
		{6F58C79F-E36D-49D2-97DB-B9B134618B63}.Release|Any CPU.ActiveCfg = Release|Any CPU
		{6F58C79F-E36D-49D2-97DB-B9B134618B63}.Release|Any CPU.Build.0 = Release|Any CPU
		{2628AED6-85BF-44AC-9867-D031506E8CD9}.Debug|Any CPU.ActiveCfg = Debug|Any CPU
		{2628AED6-85BF-44AC-9867-D031506E8CD9}.Debug|Any CPU.Build.0 = Debug|Any CPU
		{2628AED6-85BF-44AC-9867-D031506E8CD9}.Release|Any CPU.ActiveCfg = Release|Any CPU
		{2628AED6-85BF-44AC-9867-D031506E8CD9}.Release|Any CPU.Build.0 = Release|Any CPU
		{62CF6187-B803-42D0-8CF1-9A802591CE23}.Debug|Any CPU.ActiveCfg = Debug|Any CPU
		{62CF6187-B803-42D0-8CF1-9A802591CE23}.Debug|Any CPU.Build.0 = Debug|Any CPU
		{62CF6187-B803-42D0-8CF1-9A802591CE23}.Release|Any CPU.ActiveCfg = Release|Any CPU
		{62CF6187-B803-42D0-8CF1-9A802591CE23}.Release|Any CPU.Build.0 = Release|Any CPU
	EndGlobalSection
	GlobalSection(SolutionProperties) = preSolution
		HideSolutionNode = FALSE
	EndGlobalSection
	GlobalSection(ExtensibilityGlobals) = postSolution
		SolutionGuid = {DD1C5B30-C453-4A59-91F8-59DF5E9F88EC}
	EndGlobalSection
EndGlobal
